{
  "name": "myapp",
  "version": "1.0.0",
  "lockfileVersion": 2,
  "requires": true,
  "packages": {
    "": {
      "name": "myapp",
      "version": "1.0.0",
      "license": "ISC",
      "dependencies": {
        "@yvesguilherme/fluentsql": "^2.0.0"
      }
    },
    "node_modules/@yvesguilherme/fluentsql": {
      "version": "2.0.0",
      "resolved": "https://registry.npmjs.org/@yvesguilherme/fluentsql/-/fluentsql-2.0.0.tgz",
      "integrity": "sha512-/O0xZi+3FPPjCPBkOYLF3ZwyWG7Hk4N6CzFqIxbvYG1th/US9txEUtBJe1z7JvNU+U5OWWG4SXM2ZQMyFbysOw=="
    }
  },
  "dependencies": {
    "@yvesguilherme/fluentsql": {
      "version": "2.0.0",
      "resolved": "https://registry.npmjs.org/@yvesguilherme/fluentsql/-/fluentsql-2.0.0.tgz",
      "integrity": "sha512-/O0xZi+3FPPjCPBkOYLF3ZwyWG7Hk4N6CzFqIxbvYG1th/US9txEUtBJe1z7JvNU+U5OWWG4SXM2ZQMyFbysOw=="
    }
  }
}
